
Microsoft Visual Studio Solution File, Format Version 12.00
# Visual Studio Version 17
VisualStudioVersion = 17.0.32112.339
MinimumVisualStudioVersion = 10.0.40219.1
Project("{2150E333-8FDC-42A3-9474-1A3956D46DE8}") = "Frontend", "Frontend", "{2C37EB15-BDD9-4E74-87DF-1ACEEB83DA68}"
EndProject
Project("{9A19103F-16F7-4668-BE54-9A1E7A4F7556}") = "Trisha.Web", "Trisha.Web\Trisha.Web.csproj", "{7559E660-3B2F-4D70-80C4-10831825CF7D}"
EndProject
Project("{2150E333-8FDC-42A3-9474-1A3956D46DE8}") = "Services", "Services", "{9A214447-7B50-470F-A442-A2FCD007CC18}"
EndProject
Project("{9A19103F-16F7-4668-BE54-9A1E7A4F7556}") = "Trisha.Services.ProductAPI", "Trisa.Services.API\Trisha.Services.ProductAPI.csproj", "{B0848CB5-3AF1-4A13-A17D-219790CD1C75}"
EndProject
Project("{9A19103F-16F7-4668-BE54-9A1E7A4F7556}") = "Trisha.Services.Identity", "Trisha.Services.Identity\Trisha.Services.Identity.csproj", "{35DD136E-66A2-4B19-BA43-3AFE335D28DA}"
EndProject
Project("{9A19103F-16F7-4668-BE54-9A1E7A4F7556}") = "Trisha.Services.ShoppingCartAPI", "Trisha.Services.ShoppingCartAPI\Trisha.Services.ShoppingCartAPI.csproj", "{97B2B07A-3C3D-4A86-93DF-77C1709DD820}"
EndProject
Project("{9A19103F-16F7-4668-BE54-9A1E7A4F7556}") = "Trisha.Services.CouponAPI", "Trisha.Services.CouponAPI\Trisha.Services.CouponAPI.csproj", "{9E1FBCE5-8798-4736-B2DE-68FEFCB840E7}"
EndProject
Project("{2150E333-8FDC-42A3-9474-1A3956D46DE8}") = "Integration", "Integration", "{1093BCAA-2530-4E6A-863C-BF74EA4197BA}"
EndProject
Project("{9A19103F-16F7-4668-BE54-9A1E7A4F7556}") = "Trisha.MessageBus", "Trisha.MessageBus\Trisha.MessageBus.csproj", "{C765C826-E39E-43A8-A459-330C80ADE469}"
EndProject
Project("{9A19103F-16F7-4668-BE54-9A1E7A4F7556}") = "Trisha.Services.OrderAPI", "Trisha.Services.OrderAPI\Trisha.Services.OrderAPI.csproj", "{7FAB11F0-A0D3-4A64-88A4-114E78DA90B1}"
EndProject
Project("{2150E333-8FDC-42A3-9474-1A3956D46DE8}") = "Payments", "Payments", "{33CC5040-DF36-4C4B-AA88-B909934CBF1A}"
EndProject
Project("{9A19103F-16F7-4668-BE54-9A1E7A4F7556}") = "PaymentProcessor", "PaymentProcessor\PaymentProcessor.csproj", "{0502B26B-BC37-4AF1-ABA0-3803ECB8402A}"
EndProject
Project("{9A19103F-16F7-4668-BE54-9A1E7A4F7556}") = "Trisha.Services.PaymentAPI", "Trisha.Services.PaymentAPI\Trisha.Services.PaymentAPI.csproj", "{F0D5715D-F700-4C2E-9DF2-457FB626BFDA}"
EndProject
Project("{FAE04EC0-301F-11D3-BF4B-00C04F79EFBC}") = "Trisha.Services.Email", "Trisha.Services.Email\Trisha.Services.Email.csproj", "{1BC0B5F3-C85A-400E-B6FB-A1E794C01EE1}"
EndProject
Project("{2150E333-8FDC-42A3-9474-1A3956D46DE8}") = "Gateway", "Gateway", "{A0F1CCB6-F5FA-49C2-9F92-802FFD7CF4A1}"
EndProject
Project("{FAE04EC0-301F-11D3-BF4B-00C04F79EFBC}") = "Trisha.GatewaySolution", "Trisha.GatewaySolution\Trisha.GatewaySolution.csproj", "{54C16925-5347-4852-8771-43EA17241893}"
EndProject
Global
	GlobalSection(SolutionConfigurationPlatforms) = preSolution
		Debug|Any CPU = Debug|Any CPU
		Release|Any CPU = Release|Any CPU
	EndGlobalSection
	GlobalSection(ProjectConfigurationPlatforms) = postSolution
		{7559E660-3B2F-4D70-80C4-10831825CF7D}.Debug|Any CPU.ActiveCfg = Debug|Any CPU
		{7559E660-3B2F-4D70-80C4-10831825CF7D}.Debug|Any CPU.Build.0 = Debug|Any CPU
		{7559E660-3B2F-4D70-80C4-10831825CF7D}.Release|Any CPU.ActiveCfg = Release|Any CPU
		{7559E660-3B2F-4D70-80C4-10831825CF7D}.Release|Any CPU.Build.0 = Release|Any CPU
		{B0848CB5-3AF1-4A13-A17D-219790CD1C75}.Debug|Any CPU.ActiveCfg = Debug|Any CPU
		{B0848CB5-3AF1-4A13-A17D-219790CD1C75}.Debug|Any CPU.Build.0 = Debug|Any CPU
		{B0848CB5-3AF1-4A13-A17D-219790CD1C75}.Release|Any CPU.ActiveCfg = Release|Any CPU
		{B0848CB5-3AF1-4A13-A17D-219790CD1C75}.Release|Any CPU.Build.0 = Release|Any CPU
		{35DD136E-66A2-4B19-BA43-3AFE335D28DA}.Debug|Any CPU.ActiveCfg = Debug|Any CPU
		{35DD136E-66A2-4B19-BA43-3AFE335D28DA}.Debug|Any CPU.Build.0 = Debug|Any CPU
		{35DD136E-66A2-4B19-BA43-3AFE335D28DA}.Release|Any CPU.ActiveCfg = Release|Any CPU
		{35DD136E-66A2-4B19-BA43-3AFE335D28DA}.Release|Any CPU.Build.0 = Release|Any CPU
		{97B2B07A-3C3D-4A86-93DF-77C1709DD820}.Debug|Any CPU.ActiveCfg = Debug|Any CPU
		{97B2B07A-3C3D-4A86-93DF-77C1709DD820}.Debug|Any CPU.Build.0 = Debug|Any CPU
		{97B2B07A-3C3D-4A86-93DF-77C1709DD820}.Release|Any CPU.ActiveCfg = Release|Any CPU
		{97B2B07A-3C3D-4A86-93DF-77C1709DD820}.Release|Any CPU.Build.0 = Release|Any CPU
		{9E1FBCE5-8798-4736-B2DE-68FEFCB840E7}.Debug|Any CPU.ActiveCfg = Debug|Any CPU
		{9E1FBCE5-8798-4736-B2DE-68FEFCB840E7}.Debug|Any CPU.Build.0 = Debug|Any CPU
		{9E1FBCE5-8798-4736-B2DE-68FEFCB840E7}.Release|Any CPU.ActiveCfg = Release|Any CPU
		{9E1FBCE5-8798-4736-B2DE-68FEFCB840E7}.Release|Any CPU.Build.0 = Release|Any CPU
		{C765C826-E39E-43A8-A459-330C80ADE469}.Debug|Any CPU.ActiveCfg = Debug|Any CPU
		{C765C826-E39E-43A8-A459-330C80ADE469}.Debug|Any CPU.Build.0 = Debug|Any CPU
		{C765C826-E39E-43A8-A459-330C80ADE469}.Release|Any CPU.ActiveCfg = Release|Any CPU
		{C765C826-E39E-43A8-A459-330C80ADE469}.Release|Any CPU.Build.0 = Release|Any CPU
		{7FAB11F0-A0D3-4A64-88A4-114E78DA90B1}.Debug|Any CPU.ActiveCfg = Debug|Any CPU
		{7FAB11F0-A0D3-4A64-88A4-114E78DA90B1}.Debug|Any CPU.Build.0 = Debug|Any CPU
		{7FAB11F0-A0D3-4A64-88A4-114E78DA90B1}.Release|Any CPU.ActiveCfg = Release|Any CPU
		{7FAB11F0-A0D3-4A64-88A4-114E78DA90B1}.Release|Any CPU.Build.0 = Release|Any CPU
		{0502B26B-BC37-4AF1-ABA0-3803ECB8402A}.Debug|Any CPU.ActiveCfg = Debug|Any CPU
		{0502B26B-BC37-4AF1-ABA0-3803ECB8402A}.Debug|Any CPU.Build.0 = Debug|Any CPU
		{0502B26B-BC37-4AF1-ABA0-3803ECB8402A}.Release|Any CPU.ActiveCfg = Release|Any CPU
		{0502B26B-BC37-4AF1-ABA0-3803ECB8402A}.Release|Any CPU.Build.0 = Release|Any CPU
		{F0D5715D-F700-4C2E-9DF2-457FB626BFDA}.Debug|Any CPU.ActiveCfg = Debug|Any CPU
		{F0D5715D-F700-4C2E-9DF2-457FB626BFDA}.Debug|Any CPU.Build.0 = Debug|Any CPU
		{F0D5715D-F700-4C2E-9DF2-457FB626BFDA}.Release|Any CPU.ActiveCfg = Release|Any CPU
		{F0D5715D-F700-4C2E-9DF2-457FB626BFDA}.Release|Any CPU.Build.0 = Release|Any CPU
		{1BC0B5F3-C85A-400E-B6FB-A1E794C01EE1}.Debug|Any CPU.ActiveCfg = Debug|Any CPU
		{1BC0B5F3-C85A-400E-B6FB-A1E794C01EE1}.Debug|Any CPU.Build.0 = Debug|Any CPU
		{1BC0B5F3-C85A-400E-B6FB-A1E794C01EE1}.Release|Any CPU.ActiveCfg = Release|Any CPU
		{1BC0B5F3-C85A-400E-B6FB-A1E794C01EE1}.Release|Any CPU.Build.0 = Release|Any CPU
		{54C16925-5347-4852-8771-43EA17241893}.Debug|Any CPU.ActiveCfg = Debug|Any CPU
		{54C16925-5347-4852-8771-43EA17241893}.Debug|Any CPU.Build.0 = Debug|Any CPU
		{54C16925-5347-4852-8771-43EA17241893}.Release|Any CPU.ActiveCfg = Release|Any CPU
		{54C16925-5347-4852-8771-43EA17241893}.Release|Any CPU.Build.0 = Release|Any CPU
	EndGlobalSection
	GlobalSection(SolutionProperties) = preSolution
		HideSolutionNode = FALSE
	EndGlobalSection
	GlobalSection(NestedProjects) = preSolution
		{7559E660-3B2F-4D70-80C4-10831825CF7D} = {2C37EB15-BDD9-4E74-87DF-1ACEEB83DA68}
		{B0848CB5-3AF1-4A13-A17D-219790CD1C75} = {9A214447-7B50-470F-A442-A2FCD007CC18}
		{35DD136E-66A2-4B19-BA43-3AFE335D28DA} = {9A214447-7B50-470F-A442-A2FCD007CC18}
		{97B2B07A-3C3D-4A86-93DF-77C1709DD820} = {9A214447-7B50-470F-A442-A2FCD007CC18}
		{9E1FBCE5-8798-4736-B2DE-68FEFCB840E7} = {9A214447-7B50-470F-A442-A2FCD007CC18}
		{C765C826-E39E-43A8-A459-330C80ADE469} = {1093BCAA-2530-4E6A-863C-BF74EA4197BA}
		{7FAB11F0-A0D3-4A64-88A4-114E78DA90B1} = {9A214447-7B50-470F-A442-A2FCD007CC18}
		{0502B26B-BC37-4AF1-ABA0-3803ECB8402A} = {33CC5040-DF36-4C4B-AA88-B909934CBF1A}
		{F0D5715D-F700-4C2E-9DF2-457FB626BFDA} = {9A214447-7B50-470F-A442-A2FCD007CC18}
		{1BC0B5F3-C85A-400E-B6FB-A1E794C01EE1} = {9A214447-7B50-470F-A442-A2FCD007CC18}
		{54C16925-5347-4852-8771-43EA17241893} = {A0F1CCB6-F5FA-49C2-9F92-802FFD7CF4A1}
	EndGlobalSection
	GlobalSection(ExtensibilityGlobals) = postSolution
		SolutionGuid = {A557E6C7-1B47-4C74-9CBC-1E826D93133D}
	EndGlobalSection
EndGlobal
